
Microsoft Visual Studio Solution File, Format Version 12.00
# Visual Studio Version 17
VisualStudioVersion = 17.0.31903.59
MinimumVisualStudioVersion = 10.0.40219.1
Project("{FAE04EC0-301F-11D3-BF4B-00C04F79EFBC}") = "AdventureWorks.Web", "AdventureWorks.Web.csproj", "{9D929F49-A708-4EAA-95E7-387D44357083}"
EndProject
Global
	GlobalSection(SolutionConfigurationPlatforms) = preSolution
		Debug|Any CPU = Debug|Any CPU
		Release|Any CPU = Release|Any CPU
	EndGlobalSection
	GlobalSection(SolutionProperties) = preSolution
		HideSolutionNode = FALSE
	EndGlobalSection
	GlobalSection(ProjectConfigurationPlatforms) = postSolution
		{9D929F49-A708-4EAA-95E7-387D44357083}.Debug|Any CPU.ActiveCfg = Debug|Any CPU
		{9D929F49-A708-4EAA-95E7-387D44357083}.Debug|Any CPU.Build.0 = Debug|Any CPU
		{9D929F49-A708-4EAA-95E7-387D44357083}.Release|Any CPU.ActiveCfg = Release|Any CPU
		{9D929F49-A708-4EAA-95E7-387D44357083}.Release|Any CPU.Build.0 = Release|Any CPU
	EndGlobalSection
EndGlobal
